
Microsoft Visual Studio Solution File, Format Version 12.00
# Visual Studio Version 17
VisualStudioVersion = 17.1.32228.430
MinimumVisualStudioVersion = 10.0.40219.1
Project("{FAE04EC0-301F-11D3-BF4B-00C04F79EFBC}") = "ApiDemo", "ApiDemo\ApiDemo.csproj", "{F8BF65D1-0E86-42CE-A63A-301ABC209750}"
EndProject
Global
	GlobalSection(SolutionConfigurationPlatforms) = preSolution
		Debug|Any CPU = Debug|Any CPU
		Release|Any CPU = Release|Any CPU
	EndGlobalSection
	GlobalSection(ProjectConfigurationPlatforms) = postSolution
		{F8BF65D1-0E86-42CE-A63A-301ABC209750}.Debug|Any CPU.ActiveCfg = Debug|Any CPU
		{F8BF65D1-0E86-42CE-A63A-301ABC209750}.Debug|Any CPU.Build.0 = Debug|Any CPU
		{F8BF65D1-0E86-42CE-A63A-301ABC209750}.Release|Any CPU.ActiveCfg = Release|Any CPU
		{F8BF65D1-0E86-42CE-A63A-301ABC209750}.Release|Any CPU.Build.0 = Release|Any CPU
	EndGlobalSection
	GlobalSection(SolutionProperties) = preSolution
		HideSolutionNode = FALSE
	EndGlobalSection
	GlobalSection(ExtensibilityGlobals) = postSolution
		SolutionGuid = {38AA7234-727D-4D34-804A-117924B95F54}
	EndGlobalSection
EndGlobal
